
Microsoft Visual Studio Solution File, Format Version 12.00
# Visual Studio Version 16
VisualStudioVersion = 16.0.29613.14
MinimumVisualStudioVersion = 10.0.40219.1
Project("{9A19103F-16F7-4668-BE54-9A1E7A4F7556}") = "OWSPublicAPI", "OWSPublicAPI\OWSPublicAPI.csproj", "{88096051-8216-493A-A9B4-68B015CAB92E}"
EndProject
Project("{9A19103F-16F7-4668-BE54-9A1E7A4F7556}") = "OWSBenchmarks", "OWSBenchmarks\OWSBenchmarks.csproj", "{31F86760-B20C-4DB6-B7D1-6F06AF41CB56}"
EndProject
Project("{9A19103F-16F7-4668-BE54-9A1E7A4F7556}") = "OWSData", "OWSData\OWSData.csproj", "{71B4692D-A20E-4689-8A60-3A0EA7F312C2}"
EndProject
Project("{9A19103F-16F7-4668-BE54-9A1E7A4F7556}") = "OWSShared", "OWSShared\OWSShared.csproj", "{1079DBF9-68A4-4BA0-9DA3-70F0FFC99D7D}"
EndProject
Project("{9A19103F-16F7-4668-BE54-9A1E7A4F7556}") = "OWSInstanceManagement", "OWSInstanceManagement\OWSInstanceManagement.csproj", "{D35E29BD-65C6-466D-B28E-1E1CA774E92C}"
EndProject
Project("{9A19103F-16F7-4668-BE54-9A1E7A4F7556}") = "OWSCharacterPersistence", "OWSCharacterPersistence\OWSCharacterPersistence.csproj", "{780EECD0-DE51-4C1C-AF52-756C6251079B}"
EndProject
Project("{9A19103F-16F7-4668-BE54-9A1E7A4F7556}") = "OWSInstanceLauncher", "OWSInstanceLauncher\OWSInstanceLauncher.csproj", "{02F8F5C6-9730-4B78-A177-702582988DCC}"
EndProject
Project("{2150E333-8FDC-42A3-9474-1A3956D46DE8}") = "Solution Items", "Solution Items", "{D4E4B312-5021-4AB1-8317-F3FBB0D92269}"
	ProjectSection(SolutionItems) = preProject
		.gitattributes = .gitattributes
		.gitignore = .gitignore
		LICENSE = LICENSE
		README.md = README.md
	EndProjectSection
EndProject
Project("{E53339B2-1760-4266-BCC7-CA923CBCF16C}") = "docker-compose", "docker-compose.dcproj", "{B9D5E83C-2A78-4CFB-B10F-4E7975CD1183}"
EndProject
Project("{9A19103F-16F7-4668-BE54-9A1E7A4F7556}") = "OWSExternalLoginProviders", "OWSExternalLoginProviders\OWSExternalLoginProviders.csproj", "{91B38571-93C8-43B9-82B4-FC40F35D0B0B}"
EndProject
Project("{9A19103F-16F7-4668-BE54-9A1E7A4F7556}") = "OWSTests", "OWSTests\OWSTests.csproj", "{ABE0555E-7D6A-4B1E-8991-490F8ADC2F42}"
EndProject
Project("{9A19103F-16F7-4668-BE54-9A1E7A4F7556}") = "OWSStatus", "OWSStatus\OWSStatus.csproj", "{A445B990-85B8-44A1-86BD-9674D3611F28}"
EndProject
Global
	GlobalSection(SolutionConfigurationPlatforms) = preSolution
		Debug|Any CPU = Debug|Any CPU
		Release|Any CPU = Release|Any CPU
	EndGlobalSection
	GlobalSection(ProjectConfigurationPlatforms) = postSolution
		{88096051-8216-493A-A9B4-68B015CAB92E}.Debug|Any CPU.ActiveCfg = Debug|Any CPU
		{88096051-8216-493A-A9B4-68B015CAB92E}.Debug|Any CPU.Build.0 = Debug|Any CPU
		{88096051-8216-493A-A9B4-68B015CAB92E}.Release|Any CPU.ActiveCfg = Release|Any CPU
		{88096051-8216-493A-A9B4-68B015CAB92E}.Release|Any CPU.Build.0 = Release|Any CPU
		{31F86760-B20C-4DB6-B7D1-6F06AF41CB56}.Debug|Any CPU.ActiveCfg = Debug|Any CPU
		{31F86760-B20C-4DB6-B7D1-6F06AF41CB56}.Debug|Any CPU.Build.0 = Debug|Any CPU
		{31F86760-B20C-4DB6-B7D1-6F06AF41CB56}.Release|Any CPU.ActiveCfg = Release|Any CPU
		{31F86760-B20C-4DB6-B7D1-6F06AF41CB56}.Release|Any CPU.Build.0 = Release|Any CPU
		{71B4692D-A20E-4689-8A60-3A0EA7F312C2}.Debug|Any CPU.ActiveCfg = Debug|Any CPU
		{71B4692D-A20E-4689-8A60-3A0EA7F312C2}.Debug|Any CPU.Build.0 = Debug|Any CPU
		{71B4692D-A20E-4689-8A60-3A0EA7F312C2}.Release|Any CPU.ActiveCfg = Release|Any CPU
		{71B4692D-A20E-4689-8A60-3A0EA7F312C2}.Release|Any CPU.Build.0 = Release|Any CPU
		{1079DBF9-68A4-4BA0-9DA3-70F0FFC99D7D}.Debug|Any CPU.ActiveCfg = Debug|Any CPU
		{1079DBF9-68A4-4BA0-9DA3-70F0FFC99D7D}.Debug|Any CPU.Build.0 = Debug|Any CPU
		{1079DBF9-68A4-4BA0-9DA3-70F0FFC99D7D}.Release|Any CPU.ActiveCfg = Release|Any CPU
		{1079DBF9-68A4-4BA0-9DA3-70F0FFC99D7D}.Release|Any CPU.Build.0 = Release|Any CPU
		{D35E29BD-65C6-466D-B28E-1E1CA774E92C}.Debug|Any CPU.ActiveCfg = Debug|Any CPU
		{D35E29BD-65C6-466D-B28E-1E1CA774E92C}.Debug|Any CPU.Build.0 = Debug|Any CPU
		{D35E29BD-65C6-466D-B28E-1E1CA774E92C}.Release|Any CPU.ActiveCfg = Release|Any CPU
		{D35E29BD-65C6-466D-B28E-1E1CA774E92C}.Release|Any CPU.Build.0 = Release|Any CPU
		{780EECD0-DE51-4C1C-AF52-756C6251079B}.Debug|Any CPU.ActiveCfg = Debug|Any CPU
		{780EECD0-DE51-4C1C-AF52-756C6251079B}.Debug|Any CPU.Build.0 = Debug|Any CPU
		{780EECD0-DE51-4C1C-AF52-756C6251079B}.Release|Any CPU.ActiveCfg = Release|Any CPU
		{780EECD0-DE51-4C1C-AF52-756C6251079B}.Release|Any CPU.Build.0 = Release|Any CPU
		{02F8F5C6-9730-4B78-A177-702582988DCC}.Debug|Any CPU.ActiveCfg = Debug|Any CPU
		{02F8F5C6-9730-4B78-A177-702582988DCC}.Debug|Any CPU.Build.0 = Debug|Any CPU
		{02F8F5C6-9730-4B78-A177-702582988DCC}.Release|Any CPU.ActiveCfg = Release|Any CPU
		{02F8F5C6-9730-4B78-A177-702582988DCC}.Release|Any CPU.Build.0 = Release|Any CPU
		{B9D5E83C-2A78-4CFB-B10F-4E7975CD1183}.Debug|Any CPU.ActiveCfg = Debug|Any CPU
		{B9D5E83C-2A78-4CFB-B10F-4E7975CD1183}.Debug|Any CPU.Build.0 = Debug|Any CPU
		{B9D5E83C-2A78-4CFB-B10F-4E7975CD1183}.Release|Any CPU.ActiveCfg = Release|Any CPU
		{B9D5E83C-2A78-4CFB-B10F-4E7975CD1183}.Release|Any CPU.Build.0 = Release|Any CPU
		{91B38571-93C8-43B9-82B4-FC40F35D0B0B}.Debug|Any CPU.ActiveCfg = Debug|Any CPU
		{91B38571-93C8-43B9-82B4-FC40F35D0B0B}.Debug|Any CPU.Build.0 = Debug|Any CPU
		{91B38571-93C8-43B9-82B4-FC40F35D0B0B}.Release|Any CPU.ActiveCfg = Release|Any CPU
		{91B38571-93C8-43B9-82B4-FC40F35D0B0B}.Release|Any CPU.Build.0 = Release|Any CPU
		{ABE0555E-7D6A-4B1E-8991-490F8ADC2F42}.Debug|Any CPU.ActiveCfg = Debug|Any CPU
		{ABE0555E-7D6A-4B1E-8991-490F8ADC2F42}.Debug|Any CPU.Build.0 = Debug|Any CPU
		{ABE0555E-7D6A-4B1E-8991-490F8ADC2F42}.Release|Any CPU.ActiveCfg = Release|Any CPU
		{ABE0555E-7D6A-4B1E-8991-490F8ADC2F42}.Release|Any CPU.Build.0 = Release|Any CPU
		{A445B990-85B8-44A1-86BD-9674D3611F28}.Debug|Any CPU.ActiveCfg = Debug|Any CPU
		{A445B990-85B8-44A1-86BD-9674D3611F28}.Debug|Any CPU.Build.0 = Debug|Any CPU
		{A445B990-85B8-44A1-86BD-9674D3611F28}.Release|Any CPU.ActiveCfg = Release|Any CPU
		{A445B990-85B8-44A1-86BD-9674D3611F28}.Release|Any CPU.Build.0 = Release|Any CPU
	EndGlobalSection
	GlobalSection(SolutionProperties) = preSolution
		HideSolutionNode = FALSE
	EndGlobalSection
	GlobalSection(ExtensibilityGlobals) = postSolution
		SolutionGuid = {C8060178-BF56-49A5-99A4-C7AFCF07B60F}
	EndGlobalSection
EndGlobal
